
Microsoft Visual Studio Solution File, Format Version 12.00
# Visual Studio 15
VisualStudioVersion = 15.0.28307.329
MinimumVisualStudioVersion = 10.0.40219.1
Project("{FAE04EC0-301F-11D3-BF4B-00C04F79EFBC}") = "SessionTimeout", "SessionTimeout\SessionTimeout.csproj", "{95329B63-F9DA-4FF4-9337-154895A81B9F}"
EndProject
Global
	GlobalSection(SolutionConfigurationPlatforms) = preSolution
		Debug|Any CPU = Debug|Any CPU
		Release|Any CPU = Release|Any CPU
	EndGlobalSection
	GlobalSection(ProjectConfigurationPlatforms) = postSolution
		{95329B63-F9DA-4FF4-9337-154895A81B9F}.Debug|Any CPU.ActiveCfg = Debug|Any CPU
		{95329B63-F9DA-4FF4-9337-154895A81B9F}.Debug|Any CPU.Build.0 = Debug|Any CPU
		{95329B63-F9DA-4FF4-9337-154895A81B9F}.Release|Any CPU.ActiveCfg = Release|Any CPU
		{95329B63-F9DA-4FF4-9337-154895A81B9F}.Release|Any CPU.Build.0 = Release|Any CPU
	EndGlobalSection
	GlobalSection(SolutionProperties) = preSolution
		HideSolutionNode = FALSE
	EndGlobalSection
	GlobalSection(ExtensibilityGlobals) = postSolution
		SolutionGuid = {6DB1C4B9-3656-43A5-90A2-08920F84F4CD}
	EndGlobalSection
EndGlobal
